
Microsoft Visual Studio Solution File, Format Version 12.00
# Visual Studio Version 17
VisualStudioVersion = 17.8.34316.72
MinimumVisualStudioVersion = 10.0.40219.1
Project("{9A19103F-16F7-4668-BE54-9A1E7A4F7556}") = "BananaDispenser", "BananaDispenser.csproj", "{9435F64A-A530-4748-90F1-0541A8B282CE}"
EndProject
Global
	GlobalSection(SolutionConfigurationPlatforms) = preSolution
		Debug|Any CPU = Debug|Any CPU
		Release|Any CPU = Release|Any CPU
	EndGlobalSection
	GlobalSection(ProjectConfigurationPlatforms) = postSolution
		{9435F64A-A530-4748-90F1-0541A8B282CE}.Debug|Any CPU.ActiveCfg = Debug|Any CPU
		{9435F64A-A530-4748-90F1-0541A8B282CE}.Debug|Any CPU.Build.0 = Debug|Any CPU
		{9435F64A-A530-4748-90F1-0541A8B282CE}.Release|Any CPU.ActiveCfg = Release|Any CPU
		{9435F64A-A530-4748-90F1-0541A8B282CE}.Release|Any CPU.Build.0 = Release|Any CPU
	EndGlobalSection
	GlobalSection(SolutionProperties) = preSolution
		HideSolutionNode = FALSE
	EndGlobalSection
	GlobalSection(ExtensibilityGlobals) = postSolution
		SolutionGuid = {28B0E0B1-6459-4620-8781-8F83213BA9DC}
	EndGlobalSection
EndGlobal
